
Microsoft Visual Studio Solution File, Format Version 12.00
# Visual Studio Version 16
VisualStudioVersion = 25.0.1705.4
MinimumVisualStudioVersion = 10.0.40219.1
Project("{FAE04EC0-301F-11D3-BF4B-00C04F79EFBC}") = "BookstoreAPI", "BookstoreAPI\BookstoreAPI.csproj", "{612E4025-3083-44E3-9B98-A768595AE9B7}"
EndProject
Global
	GlobalSection(SolutionConfigurationPlatforms) = preSolution
		Debug|Any CPU = Debug|Any CPU
		Release|Any CPU = Release|Any CPU
	EndGlobalSection
	GlobalSection(ProjectConfigurationPlatforms) = postSolution
		{612E4025-3083-44E3-9B98-A768595AE9B7}.Debug|Any CPU.ActiveCfg = Debug|Any CPU
		{612E4025-3083-44E3-9B98-A768595AE9B7}.Debug|Any CPU.Build.0 = Debug|Any CPU
		{612E4025-3083-44E3-9B98-A768595AE9B7}.Release|Any CPU.ActiveCfg = Release|Any CPU
		{612E4025-3083-44E3-9B98-A768595AE9B7}.Release|Any CPU.Build.0 = Release|Any CPU
	EndGlobalSection
	GlobalSection(SolutionProperties) = preSolution
		HideSolutionNode = FALSE
	EndGlobalSection
	GlobalSection(ExtensibilityGlobals) = postSolution
		SolutionGuid = {C8B01BB8-E5A7-4EC8-BF86-F97741BE4764}
	EndGlobalSection
EndGlobal
